// !$*UTF8*$!
{
	archiveVersion = 1;
	classes = {
	};
	objectVersion = 50;
	objects = {

/* Begin PBXBuildFile section */
		FAE0751B2413B88B009C53F2 /* AppDelegate.swift in Sources */ = {isa = PBXBuildFile; fileRef = FAE0751A2413B88B009C53F2 /* AppDelegate.swift */; };
		FAE0751D2413B88B009C53F2 /* SceneDelegate.swift in Sources */ = {isa = PBXBuildFile; fileRef = FAE0751C2413B88B009C53F2 /* SceneDelegate.swift */; };
		FAE0751F2413B88B009C53F2 /* ViewController.swift in Sources */ = {isa = PBXBuildFile; fileRef = FAE0751E2413B88B009C53F2 /* ViewController.swift */; };
		FAE075222413B88B009C53F2 /* Main.storyboard in Resources */ = {isa = PBXBuildFile; fileRef = FAE075202413B88B009C53F2 /* Main.storyboard */; };
		FAE075242413B88C009C53F2 /* Assets.xcassets in Resources */ = {isa = PBXBuildFile; fileRef = FAE075232413B88C009C53F2 /* Assets.xcassets */; };
		FAE075272413B88C009C53F2 /* LaunchScreen.storyboard in Resources */ = {isa = PBXBuildFile; fileRef = FAE075252413B88C009C53F2 /* LaunchScreen.storyboard */; };
		FAE075322413B88C009C53F2 /* MidtermTests.swift in Sources */ = {isa = PBXBuildFile; fileRef = FAE075312413B88C009C53F2 /* MidtermTests.swift */; };
		FAE0753D2413B88C009C53F2 /* MidtermUITests.swift in Sources */ = {isa = PBXBuildFile; fileRef = FAE0753C2413B88C009C53F2 /* MidtermUITests.swift */; };
		FAE0754F2413B988009C53F2 /* File.swift in Sources */ = {isa = PBXBuildFile; fileRef = FAE0754E2413B988009C53F2 /* File.swift */; };
/* End PBXBuildFile section */

/* Begin PBXContainerItemProxy section */
		FAE0752E2413B88C009C53F2 /* PBXContainerItemProxy */ = {
			isa = PBXContainerItemProxy;
			containerPortal = FAE0750F2413B88B009C53F2 /* Project object */;
			proxyType = 1;
			remoteGlobalIDString = FAE075162413B88B009C53F2;
			remoteInfo = Midterm;
		};
		FAE075392413B88C009C53F2 /* PBXContainerItemProxy */ = {
			isa = PBXContainerItemProxy;
			containerPortal = FAE0750F2413B88B009C53F2 /* Project object */;
			proxyType = 1;
			remoteGlobalIDString = FAE075162413B88B009C53F2;
			remoteInfo = Midterm;
		};
/* End PBXContainerItemProxy section */

/* Begin PBXFileReference section */
		FAE075172413B88B009C53F2 /* Midterm.app */ = {isa = PBXFileReference; explicitFileType = wrapper.application; includeInIndex = 0; path = Midterm.app; sourceTree = BUILT_PRODUCTS_DIR; };
		FAE0751A2413B88B009C53F2 /* AppDelegate.swift */ = {isa = PBXFileReference; lastKnownFileType = sourcecode.swift; path = AppDelegate.swift; sourceTree = "<group>"; };
		FAE0751C2413B88B009C53F2 /* SceneDelegate.swift */ = {isa = PBXFileReference; lastKnownFileType = sourcecode.swift; path = SceneDelegate.swift; sourceTree = "<group>"; };
		FAE0751E2413B88B009C53F2 /* ViewController.swift */ = {isa = PBXFileReference; lastKnownFileType = sourcecode.swift; path = ViewController.swift; sourceTree = "<group>"; };
		FAE075212413B88B009C53F2 /* Base */ = {isa = PBXFileReference; lastKnownFileType = file.storyboard; name = Base; path = Base.lproj/Main.storyboard; sourceTree = "<group>"; };
		FAE075232413B88C009C53F2 /* Assets.xcassets */ = {isa = PBXFileReference; lastKnownFileType = folder.assetcatalog; path = Assets.xcassets; sourceTree = "<group>"; };
		FAE075262413B88C009C53F2 /* Base */ = {isa = PBXFileReference; lastKnownFileType = file.storyboard; name = Base; path = Base.lproj/LaunchScreen.storyboard; sourceTree = "<group>"; };
		FAE075282413B88C009C53F2 /* Info.plist */ = {isa = PBXFileReference; lastKnownFileType = text.plist.xml; path = Info.plist; sourceTree = "<group>"; };
		FAE0752D2413B88C009C53F2 /* MidtermTests.xctest */ = {isa = PBXFileReference; explicitFileType = wrapper.cfbundle; includeInIndex = 0; path = MidtermTests.xctest; sourceTree = BUILT_PRODUCTS_DIR; };
		FAE075312413B88C009C53F2 /* MidtermTests.swift */ = {isa = PBXFileReference; lastKnownFileType = sourcecode.swift; path = MidtermTests.swift; sourceTree = "<group>"; };
		FAE075332413B88C009C53F2 /* Info.plist */ = {isa = PBXFileReference; lastKnownFileType = text.plist.xml; path = Info.plist; sourceTree = "<group>"; };
		FAE075382413B88C009C53F2 /* MidtermUITests.xctest */ = {isa = PBXFileReference; explicitFileType = wrapper.cfbundle; includeInIndex = 0; path = MidtermUITests.xctest; sourceTree = BUILT_PRODUCTS_DIR; };
		FAE0753C2413B88C009C53F2 /* MidtermUITests.swift */ = {isa = PBXFileReference; lastKnownFileType = sourcecode.swift; path = MidtermUITests.swift; sourceTree = "<group>"; };
		FAE0753E2413B88C009C53F2 /* Info.plist */ = {isa = PBXFileReference; lastKnownFileType = text.plist.xml; path = Info.plist; sourceTree = "<group>"; };
		FAE0754E2413B988009C53F2 /* File.swift */ = {isa = PBXFileReference; lastKnownFileType = sourcecode.swift; path = File.swift; sourceTree = "<group>"; };
/* End PBXFileReference section */

/* Begin PBXFrameworksBuildPhase section */
		FAE075142413B88B009C53F2 /* Frameworks */ = {
			isa = PBXFrameworksBuildPhase;
			buildActionMask = 2147483647;
			files = (
			);
			runOnlyForDeploymentPostprocessing = 0;
		};
		FAE0752A2413B88C009C53F2 /* Frameworks */ = {
			isa = PBXFrameworksBuildPhase;
			buildActionMask = 2147483647;
			files = (
			);
			runOnlyForDeploymentPostprocessing = 0;
		};
		FAE075352413B88C009C53F2 /* Frameworks */ = {
			isa = PBXFrameworksBuildPhase;
			buildActionMask = 2147483647;
			files = (
			);
			runOnlyForDeploymentPostprocessing = 0;
		};
/* End PBXFrameworksBuildPhase section */

/* Begin PBXGroup section */
		FAE0750E2413B88B009C53F2 = {
			isa = PBXGroup;
			children = (
				FAE075192413B88B009C53F2 /* Midterm */,
				FAE075302413B88C009C53F2 /* MidtermTests */,
				FAE0753B2413B88C009C53F2 /* MidtermUITests */,
				FAE075182413B88B009C53F2 /* Products */,
			);
			sourceTree = "<group>";
		};
		FAE075182413B88B009C53F2 /* Products */ = {
			isa = PBXGroup;
			children = (
				FAE075172413B88B009C53F2 /* Midterm.app */,
				FAE0752D2413B88C009C53F2 /* MidtermTests.xctest */,
				FAE075382413B88C009C53F2 /* MidtermUITests.xctest */,
			);
			name = Products;
			sourceTree = "<group>";
		};
		FAE075192413B88B009C53F2 /* Midterm */ = {
			isa = PBXGroup;
			children = (
				FAE0751A2413B88B009C53F2 /* AppDelegate.swift */,
				FAE0751C2413B88B009C53F2 /* SceneDelegate.swift */,
				FAE0751E2413B88B009C53F2 /* ViewController.swift */,
				FAE075202413B88B009C53F2 /* Main.storyboard */,
				FAE075232413B88C009C53F2 /* Assets.xcassets */,
				FAE075252413B88C009C53F2 /* LaunchScreen.storyboard */,
				FAE075282413B88C009C53F2 /* Info.plist */,
				FAE0754E2413B988009C53F2 /* File.swift */,
			);
			path = Midterm;
			sourceTree = "<group>";
		};
		FAE075302413B88C009C53F2 /* MidtermTests */ = {
			isa = PBXGroup;
			children = (
				FAE075312413B88C009C53F2 /* MidtermTests.swift */,
				FAE075332413B88C009C53F2 /* Info.plist */,
			);
			path = MidtermTests;
			sourceTree = "<group>";
		};
		FAE0753B2413B88C009C53F2 /* MidtermUITests */ = {
			isa = PBXGroup;
			children = (
				FAE0753C2413B88C009C53F2 /* MidtermUITests.swift */,
				FAE0753E2413B88C009C53F2 /* Info.plist */,
			);
			path = MidtermUITests;
			sourceTree = "<group>";
		};
/* End PBXGroup section */

/* Begin PBXNativeTarget section */
		FAE075162413B88B009C53F2 /* Midterm */ = {
			isa = PBXNativeTarget;
			buildConfigurationList = FAE075412413B88C009C53F2 /* Build configuration list for PBXNativeTarget "Midterm" */;
			buildPhases = (
				FAE075132413B88B009C53F2 /* Sources */,
				FAE075142413B88B009C53F2 /* Frameworks */,
				FAE075152413B88B009C53F2 /* Resources */,
			);
			buildRules = (
			);
			dependencies = (
			);
			name = Midterm;
			productName = Midterm;
			productReference = FAE075172413B88B009C53F2 /* Midterm.app */;
			productType = "com.apple.product-type.application";
		};
		FAE0752C2413B88C009C53F2 /* MidtermTests */ = {
			isa = PBXNativeTarget;
			buildConfigurationList = FAE075442413B88C009C53F2 /* Build configuration list for PBXNativeTarget "MidtermTests" */;
			buildPhases = (
				FAE075292413B88C009C53F2 /* Sources */,
				FAE0752A2413B88C009C53F2 /* Frameworks */,
				FAE0752B2413B88C009C53F2 /* Resources */,
			);
			buildRules = (
			);
			dependencies = (
				FAE0752F2413B88C009C53F2 /* PBXTargetDependency */,
			);
			name = MidtermTests;
			productName = MidtermTests;
			productReference = FAE0752D2413B88C009C53F2 /* MidtermTests.xctest */;
			productType = "com.apple.product-type.bundle.unit-test";
		};
		FAE075372413B88C009C53F2 /* MidtermUITests */ = {
			isa = PBXNativeTarget;
			buildConfigurationList = FAE075472413B88C009C53F2 /* Build configuration list for PBXNativeTarget "MidtermUITests" */;
			buildPhases = (
				FAE075342413B88C009C53F2 /* Sources */,
				FAE075352413B88C009C53F2 /* Frameworks */,
				FAE075362413B88C009C53F2 /* Resources */,
			);
			buildRules = (
			);
			dependencies = (
				FAE0753A2413B88C009C53F2 /* PBXTargetDependency */,
			);
			name = MidtermUITests;
			productName = MidtermUITests;
			productReference = FAE075382413B88C009C53F2 /* MidtermUITests.xctest */;
			productType = "com.apple.product-type.bundle.ui-testing";
		};
/* End PBXNativeTarget section */

/* Begin PBXProject section */
		FAE0750F2413B88B009C53F2 /* Project object */ = {
			isa = PBXProject;
			attributes = {
				LastSwiftUpdateCheck = 1130;
				LastUpgradeCheck = 1130;
				ORGANIZATIONNAME = "Nuraliev's Macbook";
				TargetAttributes = {
					FAE075162413B88B009C53F2 = {
						CreatedOnToolsVersion = 11.3.1;
					};
					FAE0752C2413B88C009C53F2 = {
						CreatedOnToolsVersion = 11.3.1;
						TestTargetID = FAE075162413B88B009C53F2;
					};
					FAE075372413B88C009C53F2 = {
						CreatedOnToolsVersion = 11.3.1;
						TestTargetID = FAE075162413B88B009C53F2;
					};
				};
			};
			buildConfigurationList = FAE075122413B88B009C53F2 /* Build configuration list for PBXProject "Midterm" */;
			compatibilityVersion = "Xcode 9.3";
			developmentRegion = en;
			hasScannedForEncodings = 0;
			knownRegions = (
				en,
				Base,
			);
			mainGroup = FAE0750E2413B88B009C53F2;
			productRefGroup = FAE075182413B88B009C53F2 /* Products */;
			projectDirPath = "";
			projectRoot = "";
			targets = (
				FAE075162413B88B009C53F2 /* Midterm */,
				FAE0752C2413B88C009C53F2 /* MidtermTests */,
				FAE075372413B88C009C53F2 /* MidtermUITests */,
			);
		};
/* End PBXProject section */

/* Begin PBXResourcesBuildPhase section */
		FAE075152413B88B009C53F2 /* Resources */ = {
			isa = PBXResourcesBuildPhase;
			buildActionMask = 2147483647;
			files = (
				FAE075272413B88C009C53F2 /* LaunchScreen.storyboard in Resources */,
				FAE075242413B88C009C53F2 /* Assets.xcassets in Resources */,
				FAE075222413B88B009C53F2 /* Main.storyboard in Resources */,
			);
			runOnlyForDeploymentPostprocessing = 0;
		};
		FAE0752B2413B88C009C53F2 /* Resources */ = {
			isa = PBXResourcesBuildPhase;
			buildActionMask = 2147483647;
			files = (
			);
			runOnlyForDeploymentPostprocessing = 0;
		};
		FAE075362413B88C009C53F2 /* Resources */ = {
			isa = PBXResourcesBuildPhase;
			buildActionMask = 2147483647;
			files = (
			);
			runOnlyForDeploymentPostprocessing = 0;
		};
/* End PBXResourcesBuildPhase section */

/* Begin PBXSourcesBuildPhase section */
		FAE075132413B88B009C53F2 /* Sources */ = {
			isa = PBXSourcesBuildPhase;
			buildActionMask = 2147483647;
			files = (
				FAE0751F2413B88B009C53F2 /* ViewController.swift in Sources */,
				FAE0754F2413B988009C53F2 /* File.swift in Sources */,
				FAE0751B2413B88B009C53F2 /* AppDelegate.swift in Sources */,
				FAE0751D2413B88B009C53F2 /* SceneDelegate.swift in Sources */,
			);
			runOnlyForDeploymentPostprocessing = 0;
		};
		FAE075292413B88C009C53F2 /* Sources */ = {
			isa = PBXSourcesBuildPhase;
			buildActionMask = 2147483647;
			files = (
				FAE075322413B88C009C53F2 /* MidtermTests.swift in Sources */,
			);
			runOnlyForDeploymentPostprocessing = 0;
		};
		FAE075342413B88C009C53F2 /* Sources */ = {
			isa = PBXSourcesBuildPhase;
			buildActionMask = 2147483647;
			files = (
				FAE0753D2413B88C009C53F2 /* MidtermUITests.swift in Sources */,
			);
			runOnlyForDeploymentPostprocessing = 0;
		};
/* End PBXSourcesBuildPhase section */

/* Begin PBXTargetDependency section */
		FAE0752F2413B88C009C53F2 /* PBXTargetDependency */ = {
			isa = PBXTargetDependency;
			target = FAE075162413B88B009C53F2 /* Midterm */;
			targetProxy = FAE0752E2413B88C009C53F2 /* PBXContainerItemProxy */;
		};
		FAE0753A2413B88C009C53F2 /* PBXTargetDependency */ = {
			isa = PBXTargetDependency;
			target = FAE075162413B88B009C53F2 /* Midterm */;
			targetProxy = FAE075392413B88C009C53F2 /* PBXContainerItemProxy */;
		};
/* End PBXTargetDependency section */

/* Begin PBXVariantGroup section */
		FAE075202413B88B009C53F2 /* Main.storyboard */ = {
			isa = PBXVariantGroup;
			children = (
				FAE075212413B88B009C53F2 /* Base */,
			);
			name = Main.storyboard;
			sourceTree = "<group>";
		};
		FAE075252413B88C009C53F2 /* LaunchScreen.storyboard */ = {
			isa = PBXVariantGroup;
			children = (
				FAE075262413B88C009C53F2 /* Base */,
			);
			name = LaunchScreen.storyboard;
			sourceTree = "<group>";
		};
/* End PBXVariantGroup section */

/* Begin XCBuildConfiguration section */
		FAE0753F2413B88C009C53F2 /* Debug */ = {
			isa = XCBuildConfiguration;
			buildSettings = {
				ALWAYS_SEARCH_USER_PATHS = NO;
				CLANG_ANALYZER_NONNULL = YES;
				CLANG_ANALYZER_NUMBER_OBJECT_CONVERSION = YES_AGGRESSIVE;
				CLANG_CXX_LANGUAGE_STANDARD = "gnu++14";
				CLANG_CXX_LIBRARY = "libc++";
				CLANG_ENABLE_MODULES = YES;
				CLANG_ENABLE_OBJC_ARC = YES;
				CLANG_ENABLE_OBJC_WEAK = YES;
				CLANG_WARN_BLOCK_CAPTURE_AUTORELEASING = YES;
				CLANG_WARN_BOOL_CONVERSION = YES;
				CLANG_WARN_COMMA = YES;
				CLANG_WARN_CONSTANT_CONVERSION = YES;
				CLANG_WARN_DEPRECATED_OBJC_IMPLEMENTATIONS = YES;
				CLANG_WARN_DIRECT_OBJC_ISA_USAGE = YES_ERROR;
				CLANG_WARN_DOCUMENTATION_COMMENTS = YES;
				CLANG_WARN_EMPTY_BODY = YES;
				CLANG_WARN_ENUM_CONVERSION = YES;
				CLANG_WARN_INFINITE_RECURSION = YES;
				CLANG_WARN_INT_CONVERSION = YES;
				CLANG_WARN_NON_LITERAL_NULL_CONVERSION = YES;
				CLANG_WARN_OBJC_IMPLICIT_RETAIN_SELF = YES;
				CLANG_WARN_OBJC_LITERAL_CONVERSION = YES;
				CLANG_WARN_OBJC_ROOT_CLASS = YES_ERROR;
				CLANG_WARN_RANGE_LOOP_ANALYSIS = YES;
				CLANG_WARN_STRICT_PROTOTYPES = YES;
				CLANG_WARN_SUSPICIOUS_MOVE = YES;
				CLANG_WARN_UNGUARDED_AVAILABILITY = YES_AGGRESSIVE;
				CLANG_WARN_UNREACHABLE_CODE = YES;
				CLANG_WARN__DUPLICATE_METHOD_MATCH = YES;
				COPY_PHASE_STRIP = NO;
				DEBUG_INFORMATION_FORMAT = dwarf;
				ENABLE_STRICT_OBJC_MSGSEND = YES;
				ENABLE_TESTABILITY = YES;
				GCC_C_LANGUAGE_STANDARD = gnu11;
				GCC_DYNAMIC_NO_PIC = NO;
				GCC_NO_COMMON_BLOCKS = YES;
				GCC_OPTIMIZATION_LEVEL = 0;
				GCC_PREPROCESSOR_DEFINITIONS = (
					"DEBUG=1",
					"$(inherited)",
				);
				GCC_WARN_64_TO_32_BIT_CONVERSION = YES;
				GCC_WARN_ABOUT_RETURN_TYPE = YES_ERROR;
				GCC_WARN_UNDECLARED_SELECTOR = YES;
				GCC_WARN_UNINITIALIZED_AUTOS = YES_AGGRESSIVE;
				GCC_WARN_UNUSED_FUNCTION = YES;
				GCC_WARN_UNUSED_VARIABLE = YES;
				IPHONEOS_DEPLOYMENT_TARGET = 13.2;
				MTL_ENABLE_DEBUG_INFO = INCLUDE_SOURCE;
				MTL_FAST_MATH = YES;
				ONLY_ACTIVE_ARCH = YES;
				SDKROOT = iphoneos;
				SWIFT_ACTIVE_COMPILATION_CONDITIONS = DEBUG;
				SWIFT_OPTIMIZATION_LEVEL = "-Onone";
			};
			name = Debug;
		};
		FAE075402413B88C009C53F2 /* Release */ = {
			isa = XCBuildConfiguration;
			buildSettings = {
				ALWAYS_SEARCH_USER_PATHS = NO;
				CLANG_ANALYZER_NONNULL = YES;
				CLANG_ANALYZER_NUMBER_OBJECT_CONVERSION = YES_AGGRESSIVE;
				CLANG_CXX_LANGUAGE_STANDARD = "gnu++14";
				CLANG_CXX_LIBRARY = "libc++";
				CLANG_ENABLE_MODULES = YES;
				CLANG_ENABLE_OBJC_ARC = YES;
				CLANG_ENABLE_OBJC_WEAK = YES;
				CLANG_WARN_BLOCK_CAPTURE_AUTORELEASING = YES;
				CLANG_WARN_BOOL_CONVERSION = YES;
				CLANG_WARN_COMMA = YES;
				CLANG_WARN_CONSTANT_CONVERSION = YES;
				CLANG_WARN_DEPRECATED_OBJC_IMPLEMENTATIONS = YES;
				CLANG_WARN_DIRECT_OBJC_ISA_USAGE = YES_ERROR;
				CLANG_WARN_DOCUMENTATION_COMMENTS = YES;
				CLANG_WARN_EMPTY_BODY = YES;
				CLANG_WARN_ENUM_CONVERSION = YES;
				CLANG_WARN_INFINITE_RECURSION = YES;
				CLANG_WARN_INT_CONVERSION = YES;
				CLANG_WARN_NON_LITERAL_NULL_CONVERSION = YES;
				CLANG_WARN_OBJC_IMPLICIT_RETAIN_SELF = YES;
				CLANG_WARN_OBJC_LITERAL_CONVERSION = YES;
				CLANG_WARN_OBJC_ROOT_CLASS = YES_ERROR;
				CLANG_WARN_RANGE_LOOP_ANALYSIS = YES;
				CLANG_WARN_STRICT_PROTOTYPES = YES;
				CLANG_WARN_SUSPICIOUS_MOVE = YES;
				CLANG_WARN_UNGUARDED_AVAILABILITY = YES_AGGRESSIVE;
				CLANG_WARN_UNREACHABLE_CODE = YES;
				CLANG_WARN__DUPLICATE_METHOD_MATCH = YES;
				COPY_PHASE_STRIP = NO;
				DEBUG_INFORMATION_FORMAT = "dwarf-with-dsym";
				ENABLE_NS_ASSERTIONS = NO;
				ENABLE_STRICT_OBJC_MSGSEND = YES;
				GCC_C_LANGUAGE_STANDARD = gnu11;
				GCC_NO_COMMON_BLOCKS = YES;
				GCC_WARN_64_TO_32_BIT_CONVERSION = YES;
				GCC_WARN_ABOUT_RETURN_TYPE = YES_ERROR;
				GCC_WARN_UNDECLARED_SELECTOR = YES;
				GCC_WARN_UNINITIALIZED_AUTOS = YES_AGGRESSIVE;
				GCC_WARN_UNUSED_FUNCTION = YES;
				GCC_WARN_UNUSED_VARIABLE = YES;
				IPHONEOS_DEPLOYMENT_TARGET = 13.2;
				MTL_ENABLE_DEBUG_INFO = NO;
				MTL_FAST_MATH = YES;
				SDKROOT = iphoneos;
				SWIFT_COMPILATION_MODE = wholemodule;
				SWIFT_OPTIMIZATION_LEVEL = "-O";
				VALIDATE_PRODUCT = YES;
			};
			name = Release;
		};
		FAE075422413B88C009C53F2 /* Debug */ = {
			isa = XCBuildConfiguration;
			buildSettings = {
				ASSETCATALOG_COMPILER_APPICON_NAME = AppIcon;
				CODE_SIGN_STYLE = Automatic;
				INFOPLIST_FILE = Midterm/Info.plist;
				LD_RUNPATH_SEARCH_PATHS = (
					"$(inherited)",
					"@executable_path/Frameworks",
				);
				PRODUCT_BUNDLE_IDENTIFIER = in.Midterm;
				PRODUCT_NAME = "$(TARGET_NAME)";
				SWIFT_VERSION = 5.0;
				TARGETED_DEVICE_FAMILY = "1,2";
			};
			name = Debug;
		};
		FAE075432413B88C009C53F2 /* Release */ = {
			isa = XCBuildConfiguration;
			buildSettings = {
				ASSETCATALOG_COMPILER_APPICON_NAME = AppIcon;
				CODE_SIGN_STYLE = Automatic;
				INFOPLIST_FILE = Midterm/Info.plist;
				LD_RUNPATH_SEARCH_PATHS = (
					"$(inherited)",
					"@executable_path/Frameworks",
				);
				PRODUCT_BUNDLE_IDENTIFIER = in.Midterm;
				PRODUCT_NAME = "$(TARGET_NAME)";
				SWIFT_VERSION = 5.0;
				TARGETED_DEVICE_FAMILY = "1,2";
			};
			name = Release;
		};
		FAE075452413B88C009C53F2 /* Debug */ = {
			isa = XCBuildConfiguration;
			buildSettings = {
				ALWAYS_EMBED_SWIFT_STANDARD_LIBRARIES = YES;
				BUNDLE_LOADER = "$(TEST_HOST)";
				CODE_SIGN_STYLE = Automatic;
				INFOPLIST_FILE = MidtermTests/Info.plist;
				IPHONEOS_DEPLOYMENT_TARGET = 13.2;
				LD_RUNPATH_SEARCH_PATHS = (
					"$(inherited)",
					"@executable_path/Frameworks",
					"@loader_path/Frameworks",
				);
				PRODUCT_BUNDLE_IDENTIFIER = in.MidtermTests;
				PRODUCT_NAME = "$(TARGET_NAME)";
				SWIFT_VERSION = 5.0;
				TARGETED_DEVICE_FAMILY = "1,2";
				TEST_HOST = "$(BUILT_PRODUCTS_DIR)/Midterm.app/Midterm";
			};
			name = Debug;
		};
		FAE075462413B88C009C53F2 /* Release */ = {
			isa = XCBuildConfiguration;
			buildSettings = {
				ALWAYS_EMBED_SWIFT_STANDARD_LIBRARIES = YES;
				BUNDLE_LOADER = "$(TEST_HOST)";
				CODE_SIGN_STYLE = Automatic;
				INFOPLIST_FILE = MidtermTests/Info.plist;
				IPHONEOS_DEPLOYMENT_TARGET = 13.2;
				LD_RUNPATH_SEARCH_PATHS = (
					"$(inherited)",
					"@executable_path/Frameworks",
					"@loader_path/Frameworks",
				);
				PRODUCT_BUNDLE_IDENTIFIER = in.MidtermTests;
				PRODUCT_NAME = "$(TARGET_NAME)";
				SWIFT_VERSION = 5.0;
				TARGETED_DEVICE_FAMILY = "1,2";
				TEST_HOST = "$(BUILT_PRODUCTS_DIR)/Midterm.app/Midterm";
			};
			name = Release;
		};
		FAE075482413B88C009C53F2 /* Debug */ = {
			isa = XCBuildConfiguration;
			buildSettings = {
				ALWAYS_EMBED_SWIFT_STANDARD_LIBRARIES = YES;
				CODE_SIGN_STYLE = Automatic;
				INFOPLIST_FILE = MidtermUITests/Info.plist;
				LD_RUNPATH_SEARCH_PATHS = (
					"$(inherited)",
					"@executable_path/Frameworks",
					"@loader_path/Frameworks",
				);
				PRODUCT_BUNDLE_IDENTIFIER = in.MidtermUITests;
				PRODUCT_NAME = "$(TARGET_NAME)";
				SWIFT_VERSION = 5.0;
				TARGETED_DEVICE_FAMILY = "1,2";
				TEST_TARGET_NAME = Midterm;
			};
			name = Debug;
		};
		FAE075492413B88C009C53F2 /* Release */ = {
			isa = XCBuildConfiguration;
			buildSettings = {
				ALWAYS_EMBED_SWIFT_STANDARD_LIBRARIES = YES;
				CODE_SIGN_STYLE = Automatic;
				INFOPLIST_FILE = MidtermUITests/Info.plist;
				LD_RUNPATH_SEARCH_PATHS = (
					"$(inherited)",
					"@executable_path/Frameworks",
					"@loader_path/Frameworks",
				);
				PRODUCT_BUNDLE_IDENTIFIER = in.MidtermUITests;
				PRODUCT_NAME = "$(TARGET_NAME)";
				SWIFT_VERSION = 5.0;
				TARGETED_DEVICE_FAMILY = "1,2";
				TEST_TARGET_NAME = Midterm;
			};
			name = Release;
		};
/* End XCBuildConfiguration section */

/* Begin XCConfigurationList section */
		FAE075122413B88B009C53F2 /* Build configuration list for PBXProject "Midterm" */ = {
			isa = XCConfigurationList;
			buildConfigurations = (
				FAE0753F2413B88C009C53F2 /* Debug */,
				FAE075402413B88C009C53F2 /* Release */,
			);
			defaultConfigurationIsVisible = 0;
			defaultConfigurationName = Release;
		};
		FAE075412413B88C009C53F2 /* Build configuration list for PBXNativeTarget "Midterm" */ = {
			isa = XCConfigurationList;
			buildConfigurations = (
				FAE075422413B88C009C53F2 /* Debug */,
				FAE075432413B88C009C53F2 /* Release */,
			);
			defaultConfigurationIsVisible = 0;
			defaultConfigurationName = Release;
		};
		FAE075442413B88C009C53F2 /* Build configuration list for PBXNativeTarget "MidtermTests" */ = {
			isa = XCConfigurationList;
			buildConfigurations = (
				FAE075452413B88C009C53F2 /* Debug */,
				FAE075462413B88C009C53F2 /* Release */,
			);
			defaultConfigurationIsVisible = 0;
			defaultConfigurationName = Release;
		};
		FAE075472413B88C009C53F2 /* Build configuration list for PBXNativeTarget "MidtermUITests" */ = {
			isa = XCConfigurationList;
			buildConfigurations = (
				FAE075482413B88C009C53F2 /* Debug */,
				FAE075492413B88C009C53F2 /* Release */,
			);
			defaultConfigurationIsVisible = 0;
			defaultConfigurationName = Release;
		};
/* End XCConfigurationList section */
	};
	rootObject = FAE0750F2413B88B009C53F2 /* Project object */;
}
